<?xml version="1.0" encoding="UTF-8" standalone="yes" ?>
<CodeBlocks_project_file>
	<FileVersion major="1" minor="6" />
	<Project>
		<Option title="GSLTestProject" />
		<Option pch_mode="2" />
		<Option compiler="gcc" />
		<Build>
			<Target title="Debug">
				<Option output="bin/Debug/GSLTestProject" prefix_auto="1" extension_auto="1" />
				<Option object_output="obj/Debug/" />
				<Option type="1" />
				<Option compiler="gcc" />
				<Compiler>
					<Add option="-g" />
					<Add directory="../include" />
				</Compiler>
				<Linker>
					<Add library="../lib/libgslcblas.0.dylib" />
					<Add library="../lib/libgslcblas.a" />
					<Add library="../lib/libgslcblas.0.dylib" />
					<Add library="../lib/libgsl.0.dylib" />
					<Add library="../lib/libgsl.a" />
					<Add library="../lib/libgsl.0.dylib" />
					<Add directory="../include" />
				</Linker>
			</Target>
			<Target title="Release">
				<Option output="bin/Release/GSLTestProject" prefix_auto="1" extension_auto="1" />
				<Option object_output="obj/Release/" />
				<Option type="1" />
				<Option compiler="gcc" />
				<Compiler>
					<Add option="-O2" />
				</Compiler>
				<Linker>
					<Add option="-s" />
				</Linker>
			</Target>
		</Build>
		<Compiler>
			<Add option="-Wall" />
			<Add option="-fexceptions" />
		</Compiler>
		<Unit filename="../GSLTest.cpp" />
		<Extensions>
			<code_completion />
			<envvars />
			<debugger />
			<lib_finder disable_auto="1" />
		</Extensions>
	</Project>
</CodeBlocks_project_file>
